// !$*UTF8*$!
{
	archiveVersion = 1;
	classes = {
	};
	objectVersion = 50;
	objects = {

/* Begin PBXBuildFile section */
		E418BB102239266C00B8C7E7 /* AppDelegate.swift in Sources */ = {isa = PBXBuildFile; fileRef = E418BB0F2239266C00B8C7E7 /* AppDelegate.swift */; };
		E418BB122239266C00B8C7E7 /* ViewController.swift in Sources */ = {isa = PBXBuildFile; fileRef = E418BB112239266C00B8C7E7 /* ViewController.swift */; };
		E418BB152239266C00B8C7E7 /* Main.storyboard in Resources */ = {isa = PBXBuildFile; fileRef = E418BB132239266C00B8C7E7 /* Main.storyboard */; };
		E418BB172239267000B8C7E7 /* Assets.xcassets in Resources */ = {isa = PBXBuildFile; fileRef = E418BB162239267000B8C7E7 /* Assets.xcassets */; };
		E418BB1A2239267000B8C7E7 /* LaunchScreen.storyboard in Resources */ = {isa = PBXBuildFile; fileRef = E418BB182239267000B8C7E7 /* LaunchScreen.storyboard */; };
/* End PBXBuildFile section */

/* Begin PBXFileReference section */
		E418BB0C2239266C00B8C7E7 /* Lab ViewController Life Cycle.app */ = {isa = PBXFileReference; explicitFileType = wrapper.application; includeInIndex = 0; path = "Lab ViewController Life Cycle.app"; sourceTree = BUILT_PRODUCTS_DIR; };
		E418BB0F2239266C00B8C7E7 /* AppDelegate.swift */ = {isa = PBXFileReference; lastKnownFileType = sourcecode.swift; path = AppDelegate.swift; sourceTree = "<group>"; };
		E418BB112239266C00B8C7E7 /* ViewController.swift */ = {isa = PBXFileReference; lastKnownFileType = sourcecode.swift; path = ViewController.swift; sourceTree = "<group>"; };
		E418BB142239266C00B8C7E7 /* Base */ = {isa = PBXFileReference; lastKnownFileType = file.storyboard; name = Base; path = Base.lproj/Main.storyboard; sourceTree = "<group>"; };
		E418BB162239267000B8C7E7 /* Assets.xcassets */ = {isa = PBXFileReference; lastKnownFileType = folder.assetcatalog; path = Assets.xcassets; sourceTree = "<group>"; };
		E418BB192239267000B8C7E7 /* Base */ = {isa = PBXFileReference; lastKnownFileType = file.storyboard; name = Base; path = Base.lproj/LaunchScreen.storyboard; sourceTree = "<group>"; };
		E418BB1B2239267000B8C7E7 /* Info.plist */ = {isa = PBXFileReference; lastKnownFileType = text.plist.xml; path = Info.plist; sourceTree = "<group>"; };
/* End PBXFileReference section */

/* Begin PBXFrameworksBuildPhase section */
		E418BB092239266C00B8C7E7 /* Frameworks */ = {
			isa = PBXFrameworksBuildPhase;
			buildActionMask = 2147483647;
			files = (
			);
			runOnlyForDeploymentPostprocessing = 0;
		};
/* End PBXFrameworksBuildPhase section */

/* Begin PBXGroup section */
		E418BB032239266C00B8C7E7 = {
			isa = PBXGroup;
			children = (
				E418BB0E2239266C00B8C7E7 /* Lab ViewController Life Cycle */,
				E418BB0D2239266C00B8C7E7 /* Products */,
			);
			sourceTree = "<group>";
		};
		E418BB0D2239266C00B8C7E7 /* Products */ = {
			isa = PBXGroup;
			children = (
				E418BB0C2239266C00B8C7E7 /* Lab ViewController Life Cycle.app */,
			);
			name = Products;
			sourceTree = "<group>";
		};
		E418BB0E2239266C00B8C7E7 /* Lab ViewController Life Cycle */ = {
			isa = PBXGroup;
			children = (
				E418BB2322392AF800B8C7E7 /* Suporting Files */,
				E418BB2122392AD300B8C7E7 /* Controller */,
				E418BB2222392AE500B8C7E7 /* View */,
				E418BB1B2239267000B8C7E7 /* Info.plist */,
			);
			path = "Lab ViewController Life Cycle";
			sourceTree = "<group>";
		};
		E418BB2122392AD300B8C7E7 /* Controller */ = {
			isa = PBXGroup;
			children = (
				E418BB112239266C00B8C7E7 /* ViewController.swift */,
			);
			path = Controller;
			sourceTree = "<group>";
		};
		E418BB2222392AE500B8C7E7 /* View */ = {
			isa = PBXGroup;
			children = (
				E418BB132239266C00B8C7E7 /* Main.storyboard */,
			);
			path = View;
			sourceTree = "<group>";
		};
		E418BB2322392AF800B8C7E7 /* Suporting Files */ = {
			isa = PBXGroup;
			children = (
				E418BB0F2239266C00B8C7E7 /* AppDelegate.swift */,
				E418BB162239267000B8C7E7 /* Assets.xcassets */,
				E418BB182239267000B8C7E7 /* LaunchScreen.storyboard */,
			);
			path = "Suporting Files";
			sourceTree = "<group>";
		};
/* End PBXGroup section */

/* Begin PBXNativeTarget section */
		E418BB0B2239266C00B8C7E7 /* Lab ViewController Life Cycle */ = {
			isa = PBXNativeTarget;
			buildConfigurationList = E418BB1E2239267000B8C7E7 /* Build configuration list for PBXNativeTarget "Lab ViewController Life Cycle" */;
			buildPhases = (
				E418BB082239266C00B8C7E7 /* Sources */,
				E418BB092239266C00B8C7E7 /* Frameworks */,
				E418BB0A2239266C00B8C7E7 /* Resources */,
			);
			buildRules = (
			);
			dependencies = (
			);
			name = "Lab ViewController Life Cycle";
			productName = "Lab ViewController Life Cycle";
			productReference = E418BB0C2239266C00B8C7E7 /* Lab ViewController Life Cycle.app */;
			productType = "com.apple.product-type.application";
		};
/* End PBXNativeTarget section */

/* Begin PBXProject section */
		E418BB042239266C00B8C7E7 /* Project object */ = {
			isa = PBXProject;
			attributes = {
				LastSwiftUpdateCheck = 1010;
				LastUpgradeCheck = 1010;
				ORGANIZATIONNAME = "Ivan Nikitin";
				TargetAttributes = {
					E418BB0B2239266C00B8C7E7 = {
						CreatedOnToolsVersion = 10.1;
					};
				};
			};
			buildConfigurationList = E418BB072239266C00B8C7E7 /* Build configuration list for PBXProject "Lab ViewController Life Cycle" */;
			compatibilityVersion = "Xcode 9.3";
			developmentRegion = en;
			hasScannedForEncodings = 0;
			knownRegions = (
				en,
				Base,
			);
			mainGroup = E418BB032239266C00B8C7E7;
			productRefGroup = E418BB0D2239266C00B8C7E7 /* Products */;
			projectDirPath = "";
			projectRoot = "";
			targets = (
				E418BB0B2239266C00B8C7E7 /* Lab ViewController Life Cycle */,
			);
		};
/* End PBXProject section */

/* Begin PBXResourcesBuildPhase section */
		E418BB0A2239266C00B8C7E7 /* Resources */ = {
			isa = PBXResourcesBuildPhase;
			buildActionMask = 2147483647;
			files = (
				E418BB1A2239267000B8C7E7 /* LaunchScreen.storyboard in Resources */,
				E418BB172239267000B8C7E7 /* Assets.xcassets in Resources */,
				E418BB152239266C00B8C7E7 /* Main.storyboard in Resources */,
			);
			runOnlyForDeploymentPostprocessing = 0;
		};
/* End PBXResourcesBuildPhase section */

/* Begin PBXSourcesBuildPhase section */
		E418BB082239266C00B8C7E7 /* Sources */ = {
			isa = PBXSourcesBuildPhase;
			buildActionMask = 2147483647;
			files = (
				E418BB122239266C00B8C7E7 /* ViewController.swift in Sources */,
				E418BB102239266C00B8C7E7 /* AppDelegate.swift in Sources */,
			);
			runOnlyForDeploymentPostprocessing = 0;
		};
/* End PBXSourcesBuildPhase section */

/* Begin PBXVariantGroup section */
		E418BB132239266C00B8C7E7 /* Main.storyboard */ = {
			isa = PBXVariantGroup;
			children = (
				E418BB142239266C00B8C7E7 /* Base */,
			);
			name = Main.storyboard;
			sourceTree = "<group>";
		};
		E418BB182239267000B8C7E7 /* LaunchScreen.storyboard */ = {
			isa = PBXVariantGroup;
			children = (
				E418BB192239267000B8C7E7 /* Base */,
			);
			name = LaunchScreen.storyboard;
			sourceTree = "<group>";
		};
/* End PBXVariantGroup section */

/* Begin XCBuildConfiguration section */
		E418BB1C2239267000B8C7E7 /* Debug */ = {
			isa = XCBuildConfiguration;
			buildSettings = {
				ALWAYS_SEARCH_USER_PATHS = NO;
				CLANG_ANALYZER_NONNULL = YES;
				CLANG_ANALYZER_NUMBER_OBJECT_CONVERSION = YES_AGGRESSIVE;
				CLANG_CXX_LANGUAGE_STANDARD = "gnu++14";
				CLANG_CXX_LIBRARY = "libc++";
				CLANG_ENABLE_MODULES = YES;
				CLANG_ENABLE_OBJC_ARC = YES;
				CLANG_ENABLE_OBJC_WEAK = YES;
				CLANG_WARN_BLOCK_CAPTURE_AUTORELEASING = YES;
				CLANG_WARN_BOOL_CONVERSION = YES;
				CLANG_WARN_COMMA = YES;
				CLANG_WARN_CONSTANT_CONVERSION = YES;
				CLANG_WARN_DEPRECATED_OBJC_IMPLEMENTATIONS = YES;
				CLANG_WARN_DIRECT_OBJC_ISA_USAGE = YES_ERROR;
				CLANG_WARN_DOCUMENTATION_COMMENTS = YES;
				CLANG_WARN_EMPTY_BODY = YES;
				CLANG_WARN_ENUM_CONVERSION = YES;
				CLANG_WARN_INFINITE_RECURSION = YES;
				CLANG_WARN_INT_CONVERSION = YES;
				CLANG_WARN_NON_LITERAL_NULL_CONVERSION = YES;
				CLANG_WARN_OBJC_IMPLICIT_RETAIN_SELF = YES;
				CLANG_WARN_OBJC_LITERAL_CONVERSION = YES;
				CLANG_WARN_OBJC_ROOT_CLASS = YES_ERROR;
				CLANG_WARN_RANGE_LOOP_ANALYSIS = YES;
				CLANG_WARN_STRICT_PROTOTYPES = YES;
				CLANG_WARN_SUSPICIOUS_MOVE = YES;
				CLANG_WARN_UNGUARDED_AVAILABILITY = YES_AGGRESSIVE;
				CLANG_WARN_UNREACHABLE_CODE = YES;
				CLANG_WARN__DUPLICATE_METHOD_MATCH = YES;
				CODE_SIGN_IDENTITY = "iPhone Developer";
				COPY_PHASE_STRIP = NO;
				DEBUG_INFORMATION_FORMAT = dwarf;
				ENABLE_STRICT_OBJC_MSGSEND = YES;
				ENABLE_TESTABILITY = YES;
				GCC_C_LANGUAGE_STANDARD = gnu11;
				GCC_DYNAMIC_NO_PIC = NO;
				GCC_NO_COMMON_BLOCKS = YES;
				GCC_OPTIMIZATION_LEVEL = 0;
				GCC_PREPROCESSOR_DEFINITIONS = (
					"DEBUG=1",
					"$(inherited)",
				);
				GCC_WARN_64_TO_32_BIT_CONVERSION = YES;
				GCC_WARN_ABOUT_RETURN_TYPE = YES_ERROR;
				GCC_WARN_UNDECLARED_SELECTOR = YES;
				GCC_WARN_UNINITIALIZED_AUTOS = YES_AGGRESSIVE;
				GCC_WARN_UNUSED_FUNCTION = YES;
				GCC_WARN_UNUSED_VARIABLE = YES;
				IPHONEOS_DEPLOYMENT_TARGET = 12.1;
				MTL_ENABLE_DEBUG_INFO = INCLUDE_SOURCE;
				MTL_FAST_MATH = YES;
				ONLY_ACTIVE_ARCH = YES;
				SDKROOT = iphoneos;
				SWIFT_ACTIVE_COMPILATION_CONDITIONS = DEBUG;
				SWIFT_OPTIMIZATION_LEVEL = "-Onone";
			};
			name = Debug;
		};
		E418BB1D2239267000B8C7E7 /* Release */ = {
			isa = XCBuildConfiguration;
			buildSettings = {
				ALWAYS_SEARCH_USER_PATHS = NO;
				CLANG_ANALYZER_NONNULL = YES;
				CLANG_ANALYZER_NUMBER_OBJECT_CONVERSION = YES_AGGRESSIVE;
				CLANG_CXX_LANGUAGE_STANDARD = "gnu++14";
				CLANG_CXX_LIBRARY = "libc++";
				CLANG_ENABLE_MODULES = YES;
				CLANG_ENABLE_OBJC_ARC = YES;
				CLANG_ENABLE_OBJC_WEAK = YES;
				CLANG_WARN_BLOCK_CAPTURE_AUTORELEASING = YES;
				CLANG_WARN_BOOL_CONVERSION = YES;
				CLANG_WARN_COMMA = YES;
				CLANG_WARN_CONSTANT_CONVERSION = YES;
				CLANG_WARN_DEPRECATED_OBJC_IMPLEMENTATIONS = YES;
				CLANG_WARN_DIRECT_OBJC_ISA_USAGE = YES_ERROR;
				CLANG_WARN_DOCUMENTATION_COMMENTS = YES;
				CLANG_WARN_EMPTY_BODY = YES;
				CLANG_WARN_ENUM_CONVERSION = YES;
				CLANG_WARN_INFINITE_RECURSION = YES;
				CLANG_WARN_INT_CONVERSION = YES;
				CLANG_WARN_NON_LITERAL_NULL_CONVERSION = YES;
				CLANG_WARN_OBJC_IMPLICIT_RETAIN_SELF = YES;
				CLANG_WARN_OBJC_LITERAL_CONVERSION = YES;
				CLANG_WARN_OBJC_ROOT_CLASS = YES_ERROR;
				CLANG_WARN_RANGE_LOOP_ANALYSIS = YES;
				CLANG_WARN_STRICT_PROTOTYPES = YES;
				CLANG_WARN_SUSPICIOUS_MOVE = YES;
				CLANG_WARN_UNGUARDED_AVAILABILITY = YES_AGGRESSIVE;
				CLANG_WARN_UNREACHABLE_CODE = YES;
				CLANG_WARN__DUPLICATE_METHOD_MATCH = YES;
				CODE_SIGN_IDENTITY = "iPhone Developer";
				COPY_PHASE_STRIP = NO;
				DEBUG_INFORMATION_FORMAT = "dwarf-with-dsym";
				ENABLE_NS_ASSERTIONS = NO;
				ENABLE_STRICT_OBJC_MSGSEND = YES;
				GCC_C_LANGUAGE_STANDARD = gnu11;
				GCC_NO_COMMON_BLOCKS = YES;
				GCC_WARN_64_TO_32_BIT_CONVERSION = YES;
				GCC_WARN_ABOUT_RETURN_TYPE = YES_ERROR;
				GCC_WARN_UNDECLARED_SELECTOR = YES;
				GCC_WARN_UNINITIALIZED_AUTOS = YES_AGGRESSIVE;
				GCC_WARN_UNUSED_FUNCTION = YES;
				GCC_WARN_UNUSED_VARIABLE = YES;
				IPHONEOS_DEPLOYMENT_TARGET = 12.1;
				MTL_ENABLE_DEBUG_INFO = NO;
				MTL_FAST_MATH = YES;
				SDKROOT = iphoneos;
				SWIFT_COMPILATION_MODE = wholemodule;
				SWIFT_OPTIMIZATION_LEVEL = "-O";
				VALIDATE_PRODUCT = YES;
			};
			name = Release;
		};
		E418BB1F2239267000B8C7E7 /* Debug */ = {
			isa = XCBuildConfiguration;
			buildSettings = {
				ASSETCATALOG_COMPILER_APPICON_NAME = AppIcon;
				CODE_SIGN_STYLE = Automatic;
				DEVELOPMENT_TEAM = 5MS39QS696;
				INFOPLIST_FILE = "Lab ViewController Life Cycle/Info.plist";
				IPHONEOS_DEPLOYMENT_TARGET = 12.0;
				LD_RUNPATH_SEARCH_PATHS = (
					"$(inherited)",
					"@executable_path/Frameworks",
				);
				PRODUCT_BUNDLE_IDENTIFIER = "ru.papapp.IvanNikitin.Lab-ViewController-Life-Cycle";
				PRODUCT_NAME = "$(TARGET_NAME)";
				SWIFT_VERSION = 4.2;
				TARGETED_DEVICE_FAMILY = 1;
			};
			name = Debug;
		};
		E418BB202239267000B8C7E7 /* Release */ = {
			isa = XCBuildConfiguration;
			buildSettings = {
				ASSETCATALOG_COMPILER_APPICON_NAME = AppIcon;
				CODE_SIGN_STYLE = Automatic;
				DEVELOPMENT_TEAM = 5MS39QS696;
				INFOPLIST_FILE = "Lab ViewController Life Cycle/Info.plist";
				IPHONEOS_DEPLOYMENT_TARGET = 12.0;
				LD_RUNPATH_SEARCH_PATHS = (
					"$(inherited)",
					"@executable_path/Frameworks",
				);
				PRODUCT_BUNDLE_IDENTIFIER = "ru.papapp.IvanNikitin.Lab-ViewController-Life-Cycle";
				PRODUCT_NAME = "$(TARGET_NAME)";
				SWIFT_VERSION = 4.2;
				TARGETED_DEVICE_FAMILY = 1;
			};
			name = Release;
		};
/* End XCBuildConfiguration section */

/* Begin XCConfigurationList section */
		E418BB072239266C00B8C7E7 /* Build configuration list for PBXProject "Lab ViewController Life Cycle" */ = {
			isa = XCConfigurationList;
			buildConfigurations = (
				E418BB1C2239267000B8C7E7 /* Debug */,
				E418BB1D2239267000B8C7E7 /* Release */,
			);
			defaultConfigurationIsVisible = 0;
			defaultConfigurationName = Release;
		};
		E418BB1E2239267000B8C7E7 /* Build configuration list for PBXNativeTarget "Lab ViewController Life Cycle" */ = {
			isa = XCConfigurationList;
			buildConfigurations = (
				E418BB1F2239267000B8C7E7 /* Debug */,
				E418BB202239267000B8C7E7 /* Release */,
			);
			defaultConfigurationIsVisible = 0;
			defaultConfigurationName = Release;
		};
/* End XCConfigurationList section */
	};
	rootObject = E418BB042239266C00B8C7E7 /* Project object */;
}
